
Microsoft Visual Studio Solution File, Format Version 12.00
# Visual Studio 14
VisualStudioVersion = 14.0.25420.1
MinimumVisualStudioVersion = 10.0.40219.1
Project("{FAE04EC0-301F-11D3-BF4B-00C04F79EFBC}") = "ComboBox_SelectItem", "ComboBox_SelectItem\ComboBox_SelectItem.csproj", "{E0FBA2EA-8CE8-403D-935A-60A85396B235}"
EndProject
Global
	GlobalSection(SolutionConfigurationPlatforms) = preSolution
		Debug|Any CPU = Debug|Any CPU
		Release|Any CPU = Release|Any CPU
	EndGlobalSection
	GlobalSection(ProjectConfigurationPlatforms) = postSolution
		{E0FBA2EA-8CE8-403D-935A-60A85396B235}.Debug|Any CPU.ActiveCfg = Debug|Any CPU
		{E0FBA2EA-8CE8-403D-935A-60A85396B235}.Debug|Any CPU.Build.0 = Debug|Any CPU
		{E0FBA2EA-8CE8-403D-935A-60A85396B235}.Release|Any CPU.ActiveCfg = Release|Any CPU
		{E0FBA2EA-8CE8-403D-935A-60A85396B235}.Release|Any CPU.Build.0 = Release|Any CPU
	EndGlobalSection
	GlobalSection(SolutionProperties) = preSolution
		HideSolutionNode = FALSE
	EndGlobalSection
EndGlobal
